// !$*UTF8*$!
{
	archiveVersion = 1;
	classes = {
	};
	objectVersion = 56;
	objects = {

/* Begin PBXBuildFile section */
		B81CCCA22CC4040F00BD366B /* ListsViewContrroller.swift in Sources */ = {isa = PBXBuildFile; fileRef = B81CCCA12CC4040F00BD366B /* ListsViewContrroller.swift */; };
		B81CCCA42CC4042D00BD366B /* ContactsViewController.swift in Sources */ = {isa = PBXBuildFile; fileRef = B81CCCA32CC4042D00BD366B /* ContactsViewController.swift */; };
		B81CCCA62CC40D4F00BD366B /* CreateContactViewController.swift in Sources */ = {isa = PBXBuildFile; fileRef = B81CCCA52CC40D4F00BD366B /* CreateContactViewController.swift */; };
		B88424612CC258AD004A6786 /* AppDelegate.swift in Sources */ = {isa = PBXBuildFile; fileRef = B88424602CC258AD004A6786 /* AppDelegate.swift */; };
		B88424632CC258AD004A6786 /* SceneDelegate.swift in Sources */ = {isa = PBXBuildFile; fileRef = B88424622CC258AD004A6786 /* SceneDelegate.swift */; };
		B88424652CC258AD004A6786 /* ViewController.swift in Sources */ = {isa = PBXBuildFile; fileRef = B88424642CC258AD004A6786 /* ViewController.swift */; };
		B88424682CC258AD004A6786 /* Base in Resources */ = {isa = PBXBuildFile; fileRef = B88424672CC258AD004A6786 /* Base */; };
		B884246A2CC258AF004A6786 /* Assets.xcassets in Resources */ = {isa = PBXBuildFile; fileRef = B88424692CC258AF004A6786 /* Assets.xcassets */; };
		B884246D2CC258AF004A6786 /* Base in Resources */ = {isa = PBXBuildFile; fileRef = B884246C2CC258AF004A6786 /* Base */; };
		B88424762CC258F4004A6786 /* Contact.swift in Sources */ = {isa = PBXBuildFile; fileRef = B88424752CC258F4004A6786 /* Contact.swift */; };
/* End PBXBuildFile section */

/* Begin PBXFileReference section */
		B81CCCA12CC4040F00BD366B /* ListsViewContrroller.swift */ = {isa = PBXFileReference; lastKnownFileType = sourcecode.swift; name = ListsViewContrroller.swift; path = contactListApp/Controllers/ListsViewContrroller.swift; sourceTree = "<group>"; };
		B81CCCA32CC4042D00BD366B /* ContactsViewController.swift */ = {isa = PBXFileReference; lastKnownFileType = sourcecode.swift; name = ContactsViewController.swift; path = contactListApp/Controllers/ContactsViewController.swift; sourceTree = "<group>"; };
		B81CCCA52CC40D4F00BD366B /* CreateContactViewController.swift */ = {isa = PBXFileReference; lastKnownFileType = sourcecode.swift; name = CreateContactViewController.swift; path = contactListApp/Controllers/CreateContactViewController.swift; sourceTree = "<group>"; };
		B884245D2CC258AD004A6786 /* contactListApp.app */ = {isa = PBXFileReference; explicitFileType = wrapper.application; includeInIndex = 0; path = contactListApp.app; sourceTree = BUILT_PRODUCTS_DIR; };
		B88424602CC258AD004A6786 /* AppDelegate.swift */ = {isa = PBXFileReference; lastKnownFileType = sourcecode.swift; path = AppDelegate.swift; sourceTree = "<group>"; };
		B88424622CC258AD004A6786 /* SceneDelegate.swift */ = {isa = PBXFileReference; lastKnownFileType = sourcecode.swift; path = SceneDelegate.swift; sourceTree = "<group>"; };
		B88424642CC258AD004A6786 /* ViewController.swift */ = {isa = PBXFileReference; lastKnownFileType = sourcecode.swift; path = ViewController.swift; sourceTree = "<group>"; };
		B88424672CC258AD004A6786 /* Base */ = {isa = PBXFileReference; lastKnownFileType = file.storyboard; name = Base; path = Base.lproj/Main.storyboard; sourceTree = "<group>"; };
		B88424692CC258AF004A6786 /* Assets.xcassets */ = {isa = PBXFileReference; lastKnownFileType = folder.assetcatalog; path = Assets.xcassets; sourceTree = "<group>"; };
		B884246C2CC258AF004A6786 /* Base */ = {isa = PBXFileReference; lastKnownFileType = file.storyboard; name = Base; path = Base.lproj/LaunchScreen.storyboard; sourceTree = "<group>"; };
		B884246E2CC258AF004A6786 /* Info.plist */ = {isa = PBXFileReference; lastKnownFileType = text.plist.xml; path = Info.plist; sourceTree = "<group>"; };
		B88424752CC258F4004A6786 /* Contact.swift */ = {isa = PBXFileReference; lastKnownFileType = sourcecode.swift; path = Contact.swift; sourceTree = "<group>"; };
/* End PBXFileReference section */

/* Begin PBXFrameworksBuildPhase section */
		B884245A2CC258AD004A6786 /* Frameworks */ = {
			isa = PBXFrameworksBuildPhase;
			buildActionMask = 2147483647;
			files = (
			);
			runOnlyForDeploymentPostprocessing = 0;
		};
/* End PBXFrameworksBuildPhase section */

/* Begin PBXGroup section */
		B88424542CC258AD004A6786 = {
			isa = PBXGroup;
			children = (
				B81CCCA52CC40D4F00BD366B /* CreateContactViewController.swift */,
				B81CCCA32CC4042D00BD366B /* ContactsViewController.swift */,
				B81CCCA12CC4040F00BD366B /* ListsViewContrroller.swift */,
				B884245F2CC258AD004A6786 /* contactListApp */,
				B884245E2CC258AD004A6786 /* Products */,
			);
			sourceTree = "<group>";
		};
		B884245E2CC258AD004A6786 /* Products */ = {
			isa = PBXGroup;
			children = (
				B884245D2CC258AD004A6786 /* contactListApp.app */,
			);
			name = Products;
			sourceTree = "<group>";
		};
		B884245F2CC258AD004A6786 /* contactListApp */ = {
			isa = PBXGroup;
			children = (
				B88424742CC258D8004A6786 /* Models */,
				B88424792CC25947004A6786 /* Configuration */,
				B88424772CC2590C004A6786 /* Controllers */,
				B88424782CC25929004A6786 /* Views */,
				B88424692CC258AF004A6786 /* Assets.xcassets */,
				B884246B2CC258AF004A6786 /* LaunchScreen.storyboard */,
				B884246E2CC258AF004A6786 /* Info.plist */,
			);
			path = contactListApp;
			sourceTree = "<group>";
		};
		B88424742CC258D8004A6786 /* Models */ = {
			isa = PBXGroup;
			children = (
				B88424752CC258F4004A6786 /* Contact.swift */,
			);
			path = Models;
			sourceTree = "<group>";
		};
		B88424772CC2590C004A6786 /* Controllers */ = {
			isa = PBXGroup;
			children = (
				B88424642CC258AD004A6786 /* ViewController.swift */,
			);
			path = Controllers;
			sourceTree = "<group>";
		};
		B88424782CC25929004A6786 /* Views */ = {
			isa = PBXGroup;
			children = (
				B88424662CC258AD004A6786 /* Main.storyboard */,
			);
			path = Views;
			sourceTree = "<group>";
		};
		B88424792CC25947004A6786 /* Configuration */ = {
			isa = PBXGroup;
			children = (
				B88424602CC258AD004A6786 /* AppDelegate.swift */,
				B88424622CC258AD004A6786 /* SceneDelegate.swift */,
			);
			path = Configuration;
			sourceTree = "<group>";
		};
/* End PBXGroup section */

/* Begin PBXNativeTarget section */
		B884245C2CC258AD004A6786 /* contactListApp */ = {
			isa = PBXNativeTarget;
			buildConfigurationList = B88424712CC258AF004A6786 /* Build configuration list for PBXNativeTarget "contactListApp" */;
			buildPhases = (
				B88424592CC258AD004A6786 /* Sources */,
				B884245A2CC258AD004A6786 /* Frameworks */,
				B884245B2CC258AD004A6786 /* Resources */,
			);
			buildRules = (
			);
			dependencies = (
			);
			name = contactListApp;
			productName = contactListApp;
			productReference = B884245D2CC258AD004A6786 /* contactListApp.app */;
			productType = "com.apple.product-type.application";
		};
/* End PBXNativeTarget section */

/* Begin PBXProject section */
		B88424552CC258AD004A6786 /* Project object */ = {
			isa = PBXProject;
			attributes = {
				BuildIndependentTargetsInParallel = 1;
				LastSwiftUpdateCheck = 1540;
				LastUpgradeCheck = 1540;
				TargetAttributes = {
					B884245C2CC258AD004A6786 = {
						CreatedOnToolsVersion = 15.4;
					};
				};
			};
			buildConfigurationList = B88424582CC258AD004A6786 /* Build configuration list for PBXProject "contactListApp" */;
			compatibilityVersion = "Xcode 14.0";
			developmentRegion = en;
			hasScannedForEncodings = 0;
			knownRegions = (
				en,
				Base,
			);
			mainGroup = B88424542CC258AD004A6786;
			productRefGroup = B884245E2CC258AD004A6786 /* Products */;
			projectDirPath = "";
			projectRoot = "";
			targets = (
				B884245C2CC258AD004A6786 /* contactListApp */,
			);
		};
/* End PBXProject section */

/* Begin PBXResourcesBuildPhase section */
		B884245B2CC258AD004A6786 /* Resources */ = {
			isa = PBXResourcesBuildPhase;
			buildActionMask = 2147483647;
			files = (
				B884246A2CC258AF004A6786 /* Assets.xcassets in Resources */,
				B884246D2CC258AF004A6786 /* Base in Resources */,
				B88424682CC258AD004A6786 /* Base in Resources */,
			);
			runOnlyForDeploymentPostprocessing = 0;
		};
/* End PBXResourcesBuildPhase section */

/* Begin PBXSourcesBuildPhase section */
		B88424592CC258AD004A6786 /* Sources */ = {
			isa = PBXSourcesBuildPhase;
			buildActionMask = 2147483647;
			files = (
				B88424762CC258F4004A6786 /* Contact.swift in Sources */,
				B81CCCA62CC40D4F00BD366B /* CreateContactViewController.swift in Sources */,
				B88424652CC258AD004A6786 /* ViewController.swift in Sources */,
				B81CCCA22CC4040F00BD366B /* ListsViewContrroller.swift in Sources */,
				B88424612CC258AD004A6786 /* AppDelegate.swift in Sources */,
				B88424632CC258AD004A6786 /* SceneDelegate.swift in Sources */,
				B81CCCA42CC4042D00BD366B /* ContactsViewController.swift in Sources */,
			);
			runOnlyForDeploymentPostprocessing = 0;
		};
/* End PBXSourcesBuildPhase section */

/* Begin PBXVariantGroup section */
		B88424662CC258AD004A6786 /* Main.storyboard */ = {
			isa = PBXVariantGroup;
			children = (
				B88424672CC258AD004A6786 /* Base */,
			);
			name = Main.storyboard;
			sourceTree = "<group>";
		};
		B884246B2CC258AF004A6786 /* LaunchScreen.storyboard */ = {
			isa = PBXVariantGroup;
			children = (
				B884246C2CC258AF004A6786 /* Base */,
			);
			name = LaunchScreen.storyboard;
			sourceTree = "<group>";
		};
/* End PBXVariantGroup section */

/* Begin XCBuildConfiguration section */
		B884246F2CC258AF004A6786 /* Debug */ = {
			isa = XCBuildConfiguration;
			buildSettings = {
				ALWAYS_SEARCH_USER_PATHS = NO;
				ASSETCATALOG_COMPILER_GENERATE_SWIFT_ASSET_SYMBOL_EXTENSIONS = YES;
				CLANG_ANALYZER_NONNULL = YES;
				CLANG_ANALYZER_NUMBER_OBJECT_CONVERSION = YES_AGGRESSIVE;
				CLANG_CXX_LANGUAGE_STANDARD = "gnu++20";
				CLANG_ENABLE_MODULES = YES;
				CLANG_ENABLE_OBJC_ARC = YES;
				CLANG_ENABLE_OBJC_WEAK = YES;
				CLANG_WARN_BLOCK_CAPTURE_AUTORELEASING = YES;
				CLANG_WARN_BOOL_CONVERSION = YES;
				CLANG_WARN_COMMA = YES;
				CLANG_WARN_CONSTANT_CONVERSION = YES;
				CLANG_WARN_DEPRECATED_OBJC_IMPLEMENTATIONS = YES;
				CLANG_WARN_DIRECT_OBJC_ISA_USAGE = YES_ERROR;
				CLANG_WARN_DOCUMENTATION_COMMENTS = YES;
				CLANG_WARN_EMPTY_BODY = YES;
				CLANG_WARN_ENUM_CONVERSION = YES;
				CLANG_WARN_INFINITE_RECURSION = YES;
				CLANG_WARN_INT_CONVERSION = YES;
				CLANG_WARN_NON_LITERAL_NULL_CONVERSION = YES;
				CLANG_WARN_OBJC_IMPLICIT_RETAIN_SELF = YES;
				CLANG_WARN_OBJC_LITERAL_CONVERSION = YES;
				CLANG_WARN_OBJC_ROOT_CLASS = YES_ERROR;
				CLANG_WARN_QUOTED_INCLUDE_IN_FRAMEWORK_HEADER = YES;
				CLANG_WARN_RANGE_LOOP_ANALYSIS = YES;
				CLANG_WARN_STRICT_PROTOTYPES = YES;
				CLANG_WARN_SUSPICIOUS_MOVE = YES;
				CLANG_WARN_UNGUARDED_AVAILABILITY = YES_AGGRESSIVE;
				CLANG_WARN_UNREACHABLE_CODE = YES;
				CLANG_WARN__DUPLICATE_METHOD_MATCH = YES;
				COPY_PHASE_STRIP = NO;
				DEBUG_INFORMATION_FORMAT = dwarf;
				ENABLE_STRICT_OBJC_MSGSEND = YES;
				ENABLE_TESTABILITY = YES;
				ENABLE_USER_SCRIPT_SANDBOXING = YES;
				GCC_C_LANGUAGE_STANDARD = gnu17;
				GCC_DYNAMIC_NO_PIC = NO;
				GCC_NO_COMMON_BLOCKS = YES;
				GCC_OPTIMIZATION_LEVEL = 0;
				GCC_PREPROCESSOR_DEFINITIONS = (
					"DEBUG=1",
					"$(inherited)",
				);
				GCC_WARN_64_TO_32_BIT_CONVERSION = YES;
				GCC_WARN_ABOUT_RETURN_TYPE = YES_ERROR;
				GCC_WARN_UNDECLARED_SELECTOR = YES;
				GCC_WARN_UNINITIALIZED_AUTOS = YES_AGGRESSIVE;
				GCC_WARN_UNUSED_FUNCTION = YES;
				GCC_WARN_UNUSED_VARIABLE = YES;
				IPHONEOS_DEPLOYMENT_TARGET = 17.5;
				LOCALIZATION_PREFERS_STRING_CATALOGS = YES;
				MTL_ENABLE_DEBUG_INFO = INCLUDE_SOURCE;
				MTL_FAST_MATH = YES;
				ONLY_ACTIVE_ARCH = YES;
				SDKROOT = iphoneos;
				SWIFT_ACTIVE_COMPILATION_CONDITIONS = "DEBUG $(inherited)";
				SWIFT_OPTIMIZATION_LEVEL = "-Onone";
			};
			name = Debug;
		};
		B88424702CC258AF004A6786 /* Release */ = {
			isa = XCBuildConfiguration;
			buildSettings = {
				ALWAYS_SEARCH_USER_PATHS = NO;
				ASSETCATALOG_COMPILER_GENERATE_SWIFT_ASSET_SYMBOL_EXTENSIONS = YES;
				CLANG_ANALYZER_NONNULL = YES;
				CLANG_ANALYZER_NUMBER_OBJECT_CONVERSION = YES_AGGRESSIVE;
				CLANG_CXX_LANGUAGE_STANDARD = "gnu++20";
				CLANG_ENABLE_MODULES = YES;
				CLANG_ENABLE_OBJC_ARC = YES;
				CLANG_ENABLE_OBJC_WEAK = YES;
				CLANG_WARN_BLOCK_CAPTURE_AUTORELEASING = YES;
				CLANG_WARN_BOOL_CONVERSION = YES;
				CLANG_WARN_COMMA = YES;
				CLANG_WARN_CONSTANT_CONVERSION = YES;
				CLANG_WARN_DEPRECATED_OBJC_IMPLEMENTATIONS = YES;
				CLANG_WARN_DIRECT_OBJC_ISA_USAGE = YES_ERROR;
				CLANG_WARN_DOCUMENTATION_COMMENTS = YES;
				CLANG_WARN_EMPTY_BODY = YES;
				CLANG_WARN_ENUM_CONVERSION = YES;
				CLANG_WARN_INFINITE_RECURSION = YES;
				CLANG_WARN_INT_CONVERSION = YES;
				CLANG_WARN_NON_LITERAL_NULL_CONVERSION = YES;
				CLANG_WARN_OBJC_IMPLICIT_RETAIN_SELF = YES;
				CLANG_WARN_OBJC_LITERAL_CONVERSION = YES;
				CLANG_WARN_OBJC_ROOT_CLASS = YES_ERROR;
				CLANG_WARN_QUOTED_INCLUDE_IN_FRAMEWORK_HEADER = YES;
				CLANG_WARN_RANGE_LOOP_ANALYSIS = YES;
				CLANG_WARN_STRICT_PROTOTYPES = YES;
				CLANG_WARN_SUSPICIOUS_MOVE = YES;
				CLANG_WARN_UNGUARDED_AVAILABILITY = YES_AGGRESSIVE;
				CLANG_WARN_UNREACHABLE_CODE = YES;
				CLANG_WARN__DUPLICATE_METHOD_MATCH = YES;
				COPY_PHASE_STRIP = NO;
				DEBUG_INFORMATION_FORMAT = "dwarf-with-dsym";
				ENABLE_NS_ASSERTIONS = NO;
				ENABLE_STRICT_OBJC_MSGSEND = YES;
				ENABLE_USER_SCRIPT_SANDBOXING = YES;
				GCC_C_LANGUAGE_STANDARD = gnu17;
				GCC_NO_COMMON_BLOCKS = YES;
				GCC_WARN_64_TO_32_BIT_CONVERSION = YES;
				GCC_WARN_ABOUT_RETURN_TYPE = YES_ERROR;
				GCC_WARN_UNDECLARED_SELECTOR = YES;
				GCC_WARN_UNINITIALIZED_AUTOS = YES_AGGRESSIVE;
				GCC_WARN_UNUSED_FUNCTION = YES;
				GCC_WARN_UNUSED_VARIABLE = YES;
				IPHONEOS_DEPLOYMENT_TARGET = 17.5;
				LOCALIZATION_PREFERS_STRING_CATALOGS = YES;
				MTL_ENABLE_DEBUG_INFO = NO;
				MTL_FAST_MATH = YES;
				SDKROOT = iphoneos;
				SWIFT_COMPILATION_MODE = wholemodule;
				VALIDATE_PRODUCT = YES;
			};
			name = Release;
		};
		B88424722CC258AF004A6786 /* Debug */ = {
			isa = XCBuildConfiguration;
			buildSettings = {
				ASSETCATALOG_COMPILER_APPICON_NAME = AppIcon;
				ASSETCATALOG_COMPILER_GLOBAL_ACCENT_COLOR_NAME = AccentColor;
				CODE_SIGN_STYLE = Automatic;
				CURRENT_PROJECT_VERSION = 1;
				GENERATE_INFOPLIST_FILE = YES;
				INFOPLIST_FILE = contactListApp/Info.plist;
				INFOPLIST_KEY_LSApplicationCategoryType = "public.app-category.developer-tools";
				INFOPLIST_KEY_UIApplicationSupportsIndirectInputEvents = YES;
				INFOPLIST_KEY_UILaunchStoryboardName = LaunchScreen;
				INFOPLIST_KEY_UIMainStoryboardFile = Main;
				INFOPLIST_KEY_UISupportedInterfaceOrientations_iPad = "UIInterfaceOrientationPortrait UIInterfaceOrientationPortraitUpsideDown UIInterfaceOrientationLandscapeLeft UIInterfaceOrientationLandscapeRight";
				INFOPLIST_KEY_UISupportedInterfaceOrientations_iPhone = "UIInterfaceOrientationPortrait UIInterfaceOrientationLandscapeLeft UIInterfaceOrientationLandscapeRight";
				IPHONEOS_DEPLOYMENT_TARGET = 16.0;
				LD_RUNPATH_SEARCH_PATHS = (
					"$(inherited)",
					"@executable_path/Frameworks",
				);
				MARKETING_VERSION = 1.0;
				PRODUCT_BUNDLE_IDENTIFIER = sdu.contactListApp;
				PRODUCT_NAME = "$(TARGET_NAME)";
				SUPPORTED_PLATFORMS = "iphoneos iphonesimulator";
				SUPPORTS_MACCATALYST = NO;
				SUPPORTS_MAC_DESIGNED_FOR_IPHONE_IPAD = NO;
				SUPPORTS_XR_DESIGNED_FOR_IPHONE_IPAD = NO;
				SWIFT_EMIT_LOC_STRINGS = YES;
				SWIFT_VERSION = 5.0;
				TARGETED_DEVICE_FAMILY = 1;
			};
			name = Debug;
		};
		B88424732CC258AF004A6786 /* Release */ = {
			isa = XCBuildConfiguration;
			buildSettings = {
				ASSETCATALOG_COMPILER_APPICON_NAME = AppIcon;
				ASSETCATALOG_COMPILER_GLOBAL_ACCENT_COLOR_NAME = AccentColor;
				CODE_SIGN_STYLE = Automatic;
				CURRENT_PROJECT_VERSION = 1;
				GENERATE_INFOPLIST_FILE = YES;
				INFOPLIST_FILE = contactListApp/Info.plist;
				INFOPLIST_KEY_LSApplicationCategoryType = "public.app-category.developer-tools";
				INFOPLIST_KEY_UIApplicationSupportsIndirectInputEvents = YES;
				INFOPLIST_KEY_UILaunchStoryboardName = LaunchScreen;
				INFOPLIST_KEY_UIMainStoryboardFile = Main;
				INFOPLIST_KEY_UISupportedInterfaceOrientations_iPad = "UIInterfaceOrientationPortrait UIInterfaceOrientationPortraitUpsideDown UIInterfaceOrientationLandscapeLeft UIInterfaceOrientationLandscapeRight";
				INFOPLIST_KEY_UISupportedInterfaceOrientations_iPhone = "UIInterfaceOrientationPortrait UIInterfaceOrientationLandscapeLeft UIInterfaceOrientationLandscapeRight";
				IPHONEOS_DEPLOYMENT_TARGET = 16.0;
				LD_RUNPATH_SEARCH_PATHS = (
					"$(inherited)",
					"@executable_path/Frameworks",
				);
				MARKETING_VERSION = 1.0;
				PRODUCT_BUNDLE_IDENTIFIER = sdu.contactListApp;
				PRODUCT_NAME = "$(TARGET_NAME)";
				SUPPORTED_PLATFORMS = "iphoneos iphonesimulator";
				SUPPORTS_MACCATALYST = NO;
				SUPPORTS_MAC_DESIGNED_FOR_IPHONE_IPAD = NO;
				SUPPORTS_XR_DESIGNED_FOR_IPHONE_IPAD = NO;
				SWIFT_EMIT_LOC_STRINGS = YES;
				SWIFT_VERSION = 5.0;
				TARGETED_DEVICE_FAMILY = 1;
			};
			name = Release;
		};
/* End XCBuildConfiguration section */

/* Begin XCConfigurationList section */
		B88424582CC258AD004A6786 /* Build configuration list for PBXProject "contactListApp" */ = {
			isa = XCConfigurationList;
			buildConfigurations = (
				B884246F2CC258AF004A6786 /* Debug */,
				B88424702CC258AF004A6786 /* Release */,
			);
			defaultConfigurationIsVisible = 0;
			defaultConfigurationName = Release;
		};
		B88424712CC258AF004A6786 /* Build configuration list for PBXNativeTarget "contactListApp" */ = {
			isa = XCConfigurationList;
			buildConfigurations = (
				B88424722CC258AF004A6786 /* Debug */,
				B88424732CC258AF004A6786 /* Release */,
			);
			defaultConfigurationIsVisible = 0;
			defaultConfigurationName = Release;
		};
/* End XCConfigurationList section */
	};
	rootObject = B88424552CC258AD004A6786 /* Project object */;
}
